
Microsoft Visual Studio Solution File, Format Version 12.00
# Visual Studio Version 17
VisualStudioVersion = 17.5.33627.172
MinimumVisualStudioVersion = 10.0.40219.1
Project("{FAE04EC0-301F-11D3-BF4B-00C04F79EFBC}") = "OtoKira", "OtoKira\OtoKira.csproj", "{E3A09F74-7AF7-4444-8451-EB2829242308}"
EndProject
Global
	GlobalSection(SolutionConfigurationPlatforms) = preSolution
		Debug|Any CPU = Debug|Any CPU
		Release|Any CPU = Release|Any CPU
	EndGlobalSection
	GlobalSection(ProjectConfigurationPlatforms) = postSolution
		{E3A09F74-7AF7-4444-8451-EB2829242308}.Debug|Any CPU.ActiveCfg = Debug|Any CPU
		{E3A09F74-7AF7-4444-8451-EB2829242308}.Debug|Any CPU.Build.0 = Debug|Any CPU
		{E3A09F74-7AF7-4444-8451-EB2829242308}.Release|Any CPU.ActiveCfg = Release|Any CPU
		{E3A09F74-7AF7-4444-8451-EB2829242308}.Release|Any CPU.Build.0 = Release|Any CPU
	EndGlobalSection
	GlobalSection(SolutionProperties) = preSolution
		HideSolutionNode = FALSE
	EndGlobalSection
	GlobalSection(ExtensibilityGlobals) = postSolution
		SolutionGuid = {D58A4F07-D8BB-4619-9103-4E0300A55A41}
	EndGlobalSection
EndGlobal
